
Microsoft Visual Studio Solution File, Format Version 12.00
# Visual Studio 15
VisualStudioVersion = 15.0.28307.757
MinimumVisualStudioVersion = 10.0.40219.1
Project("{FAE04EC0-301F-11D3-BF4B-00C04F79EFBC}") = "GoToSPSWebApi", "GoToSPSWebApi\GoToSPSWebApi.csproj", "{0C37502C-1EA8-4128-876A-684E0F6F36B1}"
EndProject
Global
	GlobalSection(SolutionConfigurationPlatforms) = preSolution
		Debug|Any CPU = Debug|Any CPU
		Release|Any CPU = Release|Any CPU
	EndGlobalSection
	GlobalSection(ProjectConfigurationPlatforms) = postSolution
		{0C37502C-1EA8-4128-876A-684E0F6F36B1}.Debug|Any CPU.ActiveCfg = Debug|Any CPU
		{0C37502C-1EA8-4128-876A-684E0F6F36B1}.Debug|Any CPU.Build.0 = Debug|Any CPU
		{0C37502C-1EA8-4128-876A-684E0F6F36B1}.Release|Any CPU.ActiveCfg = Release|Any CPU
		{0C37502C-1EA8-4128-876A-684E0F6F36B1}.Release|Any CPU.Build.0 = Release|Any CPU
	EndGlobalSection
	GlobalSection(SolutionProperties) = preSolution
		HideSolutionNode = FALSE
	EndGlobalSection
	GlobalSection(ExtensibilityGlobals) = postSolution
		SolutionGuid = {1D59A791-4C67-4617-8AB4-43D00E2D2B46}
	EndGlobalSection
EndGlobal
